// !$*UTF8*$!
{
	archiveVersion = 1;
	classes = {
	};
	objectVersion = 60;
	objects = {

/* Begin PBXBuildFile section */
		75E6CC3F2CBB02BD00C779C9 /* UxComponentsApp.swift in Sources */ = {isa = PBXBuildFile; fileRef = 75E6CC3E2CBB02BD00C779C9 /* UxComponentsApp.swift */; };
		75E6CC412CBB02BD00C779C9 /* ContentView.swift in Sources */ = {isa = PBXBuildFile; fileRef = 75E6CC402CBB02BD00C779C9 /* ContentView.swift */; };
		75E6CC432CBB02BE00C779C9 /* Assets.xcassets in Resources */ = {isa = PBXBuildFile; fileRef = 75E6CC422CBB02BE00C779C9 /* Assets.xcassets */; };
		75E6CC472CBB02BE00C779C9 /* Preview Assets.xcassets in Resources */ = {isa = PBXBuildFile; fileRef = 75E6CC462CBB02BE00C779C9 /* Preview Assets.xcassets */; };
		75E6CC4F2CBB02E700C779C9 /* TransactionView.swift in Sources */ = {isa = PBXBuildFile; fileRef = 75E6CC4E2CBB02E700C779C9 /* TransactionView.swift */; };
		75E6CC522CBB038F00C779C9 /* Dates.swift in Sources */ = {isa = PBXBuildFile; fileRef = 75E6CC512CBB038F00C779C9 /* Dates.swift */; };
		75E6CC542CBB03A400C779C9 /* Modifiers.swift in Sources */ = {isa = PBXBuildFile; fileRef = 75E6CC532CBB03A400C779C9 /* Modifiers.swift */; };
		75E6CC572CBB03CA00C779C9 /* Transaction.swift in Sources */ = {isa = PBXBuildFile; fileRef = 75E6CC562CBB03C600C779C9 /* Transaction.swift */; };
		75E6CC592CBB050900C779C9 /* TransactionListView.swift in Sources */ = {isa = PBXBuildFile; fileRef = 75E6CC582CBB050900C779C9 /* TransactionListView.swift */; };
		75E6CC5B2CBB138F00C779C9 /* Bank.swift in Sources */ = {isa = PBXBuildFile; fileRef = 75E6CC5A2CBB138F00C779C9 /* Bank.swift */; };
		75E6CC5F2CBB13CD00C779C9 /* Account.swift in Sources */ = {isa = PBXBuildFile; fileRef = 75E6CC5E2CBB13CD00C779C9 /* Account.swift */; };
		75E6CC612CBB152600C779C9 /* AccountView.swift in Sources */ = {isa = PBXBuildFile; fileRef = 75E6CC602CBB152600C779C9 /* AccountView.swift */; };
		75E6CC632CBB155D00C779C9 /* Misc.swift in Sources */ = {isa = PBXBuildFile; fileRef = 75E6CC622CBB155900C779C9 /* Misc.swift */; };
/* End PBXBuildFile section */

/* Begin PBXFileReference section */
		75E6CC3B2CBB02BD00C779C9 /* UxComponents.app */ = {isa = PBXFileReference; explicitFileType = wrapper.application; includeInIndex = 0; path = UxComponents.app; sourceTree = BUILT_PRODUCTS_DIR; };
		75E6CC3E2CBB02BD00C779C9 /* UxComponentsApp.swift */ = {isa = PBXFileReference; lastKnownFileType = sourcecode.swift; path = UxComponentsApp.swift; sourceTree = "<group>"; };
		75E6CC402CBB02BD00C779C9 /* ContentView.swift */ = {isa = PBXFileReference; lastKnownFileType = sourcecode.swift; path = ContentView.swift; sourceTree = "<group>"; };
		75E6CC422CBB02BE00C779C9 /* Assets.xcassets */ = {isa = PBXFileReference; lastKnownFileType = folder.assetcatalog; path = Assets.xcassets; sourceTree = "<group>"; };
		75E6CC442CBB02BE00C779C9 /* UxComponents.entitlements */ = {isa = PBXFileReference; lastKnownFileType = text.plist.entitlements; path = UxComponents.entitlements; sourceTree = "<group>"; };
		75E6CC462CBB02BE00C779C9 /* Preview Assets.xcassets */ = {isa = PBXFileReference; lastKnownFileType = folder.assetcatalog; path = "Preview Assets.xcassets"; sourceTree = "<group>"; };
		75E6CC4E2CBB02E700C779C9 /* TransactionView.swift */ = {isa = PBXFileReference; lastKnownFileType = sourcecode.swift; path = TransactionView.swift; sourceTree = "<group>"; };
		75E6CC512CBB038F00C779C9 /* Dates.swift */ = {isa = PBXFileReference; lastKnownFileType = sourcecode.swift; path = Dates.swift; sourceTree = "<group>"; };
		75E6CC532CBB03A400C779C9 /* Modifiers.swift */ = {isa = PBXFileReference; lastKnownFileType = sourcecode.swift; path = Modifiers.swift; sourceTree = "<group>"; };
		75E6CC562CBB03C600C779C9 /* Transaction.swift */ = {isa = PBXFileReference; lastKnownFileType = sourcecode.swift; path = Transaction.swift; sourceTree = "<group>"; };
		75E6CC582CBB050900C779C9 /* TransactionListView.swift */ = {isa = PBXFileReference; lastKnownFileType = sourcecode.swift; path = TransactionListView.swift; sourceTree = "<group>"; };
		75E6CC5A2CBB138F00C779C9 /* Bank.swift */ = {isa = PBXFileReference; lastKnownFileType = sourcecode.swift; path = Bank.swift; sourceTree = "<group>"; };
		75E6CC5E2CBB13CD00C779C9 /* Account.swift */ = {isa = PBXFileReference; lastKnownFileType = sourcecode.swift; path = Account.swift; sourceTree = "<group>"; };
		75E6CC602CBB152600C779C9 /* AccountView.swift */ = {isa = PBXFileReference; lastKnownFileType = sourcecode.swift; path = AccountView.swift; sourceTree = "<group>"; };
		75E6CC622CBB155900C779C9 /* Misc.swift */ = {isa = PBXFileReference; lastKnownFileType = sourcecode.swift; path = Misc.swift; sourceTree = "<group>"; };
/* End PBXFileReference section */

/* Begin PBXFrameworksBuildPhase section */
		75E6CC382CBB02BD00C779C9 /* Frameworks */ = {
			isa = PBXFrameworksBuildPhase;
			buildActionMask = 2147483647;
			files = (
			);
			runOnlyForDeploymentPostprocessing = 0;
		};
/* End PBXFrameworksBuildPhase section */

/* Begin PBXGroup section */
		75E6CC322CBB02BD00C779C9 = {
			isa = PBXGroup;
			children = (
				75E6CC3D2CBB02BD00C779C9 /* UxComponents */,
				75E6CC3C2CBB02BD00C779C9 /* Products */,
			);
			sourceTree = "<group>";
		};
		75E6CC3C2CBB02BD00C779C9 /* Products */ = {
			isa = PBXGroup;
			children = (
				75E6CC3B2CBB02BD00C779C9 /* UxComponents.app */,
			);
			name = Products;
			sourceTree = "<group>";
		};
		75E6CC3D2CBB02BD00C779C9 /* UxComponents */ = {
			isa = PBXGroup;
			children = (
				75E6CC552CBB03BF00C779C9 /* Model */,
				75E6CC502CBB038300C779C9 /* Util */,
				75E6CC602CBB152600C779C9 /* AccountView.swift */,
				75E6CC4E2CBB02E700C779C9 /* TransactionView.swift */,
				75E6CC582CBB050900C779C9 /* TransactionListView.swift */,
				75E6CC3E2CBB02BD00C779C9 /* UxComponentsApp.swift */,
				75E6CC402CBB02BD00C779C9 /* ContentView.swift */,
				75E6CC422CBB02BE00C779C9 /* Assets.xcassets */,
				75E6CC442CBB02BE00C779C9 /* UxComponents.entitlements */,
				75E6CC452CBB02BE00C779C9 /* Preview Content */,
			);
			path = UxComponents;
			sourceTree = "<group>";
		};
		75E6CC452CBB02BE00C779C9 /* Preview Content */ = {
			isa = PBXGroup;
			children = (
				75E6CC462CBB02BE00C779C9 /* Preview Assets.xcassets */,
			);
			path = "Preview Content";
			sourceTree = "<group>";
		};
		75E6CC502CBB038300C779C9 /* Util */ = {
			isa = PBXGroup;
			children = (
				75E6CC622CBB155900C779C9 /* Misc.swift */,
				75E6CC512CBB038F00C779C9 /* Dates.swift */,
				75E6CC532CBB03A400C779C9 /* Modifiers.swift */,
			);
			path = Util;
			sourceTree = "<group>";
		};
		75E6CC552CBB03BF00C779C9 /* Model */ = {
			isa = PBXGroup;
			children = (
				75E6CC562CBB03C600C779C9 /* Transaction.swift */,
				75E6CC5A2CBB138F00C779C9 /* Bank.swift */,
				75E6CC5E2CBB13CD00C779C9 /* Account.swift */,
			);
			path = Model;
			sourceTree = "<group>";
		};
/* End PBXGroup section */

/* Begin PBXNativeTarget section */
		75E6CC3A2CBB02BD00C779C9 /* UxComponents */ = {
			isa = PBXNativeTarget;
			buildConfigurationList = 75E6CC4A2CBB02BE00C779C9 /* Build configuration list for PBXNativeTarget "UxComponents" */;
			buildPhases = (
				75E6CC372CBB02BD00C779C9 /* Sources */,
				75E6CC382CBB02BD00C779C9 /* Frameworks */,
				75E6CC392CBB02BD00C779C9 /* Resources */,
			);
			buildRules = (
			);
			dependencies = (
			);
			name = UxComponents;
			productName = UxComponents;
			productReference = 75E6CC3B2CBB02BD00C779C9 /* UxComponents.app */;
			productType = "com.apple.product-type.application";
		};
/* End PBXNativeTarget section */

/* Begin PBXProject section */
		75E6CC332CBB02BD00C779C9 /* Project object */ = {
			isa = PBXProject;
			attributes = {
				BuildIndependentTargetsInParallel = 1;
				LastSwiftUpdateCheck = 1600;
				LastUpgradeCheck = 1600;
				TargetAttributes = {
					75E6CC3A2CBB02BD00C779C9 = {
						CreatedOnToolsVersion = 16.0;
					};
				};
			};
			buildConfigurationList = 75E6CC362CBB02BD00C779C9 /* Build configuration list for PBXProject "UxComponents" */;
			compatibilityVersion = "Xcode 15.0";
			developmentRegion = en;
			hasScannedForEncodings = 0;
			knownRegions = (
				en,
				Base,
			);
			mainGroup = 75E6CC322CBB02BD00C779C9;
			productRefGroup = 75E6CC3C2CBB02BD00C779C9 /* Products */;
			projectDirPath = "";
			projectRoot = "";
			targets = (
				75E6CC3A2CBB02BD00C779C9 /* UxComponents */,
			);
		};
/* End PBXProject section */

/* Begin PBXResourcesBuildPhase section */
		75E6CC392CBB02BD00C779C9 /* Resources */ = {
			isa = PBXResourcesBuildPhase;
			buildActionMask = 2147483647;
			files = (
				75E6CC472CBB02BE00C779C9 /* Preview Assets.xcassets in Resources */,
				75E6CC432CBB02BE00C779C9 /* Assets.xcassets in Resources */,
			);
			runOnlyForDeploymentPostprocessing = 0;
		};
/* End PBXResourcesBuildPhase section */

/* Begin PBXSourcesBuildPhase section */
		75E6CC372CBB02BD00C779C9 /* Sources */ = {
			isa = PBXSourcesBuildPhase;
			buildActionMask = 2147483647;
			files = (
				75E6CC412CBB02BD00C779C9 /* ContentView.swift in Sources */,
				75E6CC5B2CBB138F00C779C9 /* Bank.swift in Sources */,
				75E6CC3F2CBB02BD00C779C9 /* UxComponentsApp.swift in Sources */,
				75E6CC572CBB03CA00C779C9 /* Transaction.swift in Sources */,
				75E6CC612CBB152600C779C9 /* AccountView.swift in Sources */,
				75E6CC632CBB155D00C779C9 /* Misc.swift in Sources */,
				75E6CC4F2CBB02E700C779C9 /* TransactionView.swift in Sources */,
				75E6CC5F2CBB13CD00C779C9 /* Account.swift in Sources */,
				75E6CC522CBB038F00C779C9 /* Dates.swift in Sources */,
				75E6CC592CBB050900C779C9 /* TransactionListView.swift in Sources */,
				75E6CC542CBB03A400C779C9 /* Modifiers.swift in Sources */,
			);
			runOnlyForDeploymentPostprocessing = 0;
		};
/* End PBXSourcesBuildPhase section */

/* Begin XCBuildConfiguration section */
		75E6CC482CBB02BE00C779C9 /* Debug */ = {
			isa = XCBuildConfiguration;
			buildSettings = {
				ALWAYS_SEARCH_USER_PATHS = NO;
				ASSETCATALOG_COMPILER_GENERATE_SWIFT_ASSET_SYMBOL_EXTENSIONS = YES;
				CLANG_ANALYZER_NONNULL = YES;
				CLANG_ANALYZER_NUMBER_OBJECT_CONVERSION = YES_AGGRESSIVE;
				CLANG_CXX_LANGUAGE_STANDARD = "gnu++20";
				CLANG_ENABLE_MODULES = YES;
				CLANG_ENABLE_OBJC_ARC = YES;
				CLANG_ENABLE_OBJC_WEAK = YES;
				CLANG_WARN_BLOCK_CAPTURE_AUTORELEASING = YES;
				CLANG_WARN_BOOL_CONVERSION = YES;
				CLANG_WARN_COMMA = YES;
				CLANG_WARN_CONSTANT_CONVERSION = YES;
				CLANG_WARN_DEPRECATED_OBJC_IMPLEMENTATIONS = YES;
				CLANG_WARN_DIRECT_OBJC_ISA_USAGE = YES_ERROR;
				CLANG_WARN_DOCUMENTATION_COMMENTS = YES;
				CLANG_WARN_EMPTY_BODY = YES;
				CLANG_WARN_ENUM_CONVERSION = YES;
				CLANG_WARN_INFINITE_RECURSION = YES;
				CLANG_WARN_INT_CONVERSION = YES;
				CLANG_WARN_NON_LITERAL_NULL_CONVERSION = YES;
				CLANG_WARN_OBJC_IMPLICIT_RETAIN_SELF = YES;
				CLANG_WARN_OBJC_LITERAL_CONVERSION = YES;
				CLANG_WARN_OBJC_ROOT_CLASS = YES_ERROR;
				CLANG_WARN_QUOTED_INCLUDE_IN_FRAMEWORK_HEADER = YES;
				CLANG_WARN_RANGE_LOOP_ANALYSIS = YES;
				CLANG_WARN_STRICT_PROTOTYPES = YES;
				CLANG_WARN_SUSPICIOUS_MOVE = YES;
				CLANG_WARN_UNGUARDED_AVAILABILITY = YES_AGGRESSIVE;
				CLANG_WARN_UNREACHABLE_CODE = YES;
				CLANG_WARN__DUPLICATE_METHOD_MATCH = YES;
				COPY_PHASE_STRIP = NO;
				DEBUG_INFORMATION_FORMAT = dwarf;
				ENABLE_STRICT_OBJC_MSGSEND = YES;
				ENABLE_TESTABILITY = YES;
				ENABLE_USER_SCRIPT_SANDBOXING = YES;
				GCC_C_LANGUAGE_STANDARD = gnu17;
				GCC_DYNAMIC_NO_PIC = NO;
				GCC_NO_COMMON_BLOCKS = YES;
				GCC_OPTIMIZATION_LEVEL = 0;
				GCC_PREPROCESSOR_DEFINITIONS = (
					"DEBUG=1",
					"$(inherited)",
				);
				GCC_WARN_64_TO_32_BIT_CONVERSION = YES;
				GCC_WARN_ABOUT_RETURN_TYPE = YES_ERROR;
				GCC_WARN_UNDECLARED_SELECTOR = YES;
				GCC_WARN_UNINITIALIZED_AUTOS = YES_AGGRESSIVE;
				GCC_WARN_UNUSED_FUNCTION = YES;
				GCC_WARN_UNUSED_VARIABLE = YES;
				LOCALIZATION_PREFERS_STRING_CATALOGS = YES;
				MTL_ENABLE_DEBUG_INFO = INCLUDE_SOURCE;
				MTL_FAST_MATH = YES;
				ONLY_ACTIVE_ARCH = YES;
				SWIFT_ACTIVE_COMPILATION_CONDITIONS = "DEBUG $(inherited)";
				SWIFT_OPTIMIZATION_LEVEL = "-Onone";
			};
			name = Debug;
		};
		75E6CC492CBB02BE00C779C9 /* Release */ = {
			isa = XCBuildConfiguration;
			buildSettings = {
				ALWAYS_SEARCH_USER_PATHS = NO;
				ASSETCATALOG_COMPILER_GENERATE_SWIFT_ASSET_SYMBOL_EXTENSIONS = YES;
				CLANG_ANALYZER_NONNULL = YES;
				CLANG_ANALYZER_NUMBER_OBJECT_CONVERSION = YES_AGGRESSIVE;
				CLANG_CXX_LANGUAGE_STANDARD = "gnu++20";
				CLANG_ENABLE_MODULES = YES;
				CLANG_ENABLE_OBJC_ARC = YES;
				CLANG_ENABLE_OBJC_WEAK = YES;
				CLANG_WARN_BLOCK_CAPTURE_AUTORELEASING = YES;
				CLANG_WARN_BOOL_CONVERSION = YES;
				CLANG_WARN_COMMA = YES;
				CLANG_WARN_CONSTANT_CONVERSION = YES;
				CLANG_WARN_DEPRECATED_OBJC_IMPLEMENTATIONS = YES;
				CLANG_WARN_DIRECT_OBJC_ISA_USAGE = YES_ERROR;
				CLANG_WARN_DOCUMENTATION_COMMENTS = YES;
				CLANG_WARN_EMPTY_BODY = YES;
				CLANG_WARN_ENUM_CONVERSION = YES;
				CLANG_WARN_INFINITE_RECURSION = YES;
				CLANG_WARN_INT_CONVERSION = YES;
				CLANG_WARN_NON_LITERAL_NULL_CONVERSION = YES;
				CLANG_WARN_OBJC_IMPLICIT_RETAIN_SELF = YES;
				CLANG_WARN_OBJC_LITERAL_CONVERSION = YES;
				CLANG_WARN_OBJC_ROOT_CLASS = YES_ERROR;
				CLANG_WARN_QUOTED_INCLUDE_IN_FRAMEWORK_HEADER = YES;
				CLANG_WARN_RANGE_LOOP_ANALYSIS = YES;
				CLANG_WARN_STRICT_PROTOTYPES = YES;
				CLANG_WARN_SUSPICIOUS_MOVE = YES;
				CLANG_WARN_UNGUARDED_AVAILABILITY = YES_AGGRESSIVE;
				CLANG_WARN_UNREACHABLE_CODE = YES;
				CLANG_WARN__DUPLICATE_METHOD_MATCH = YES;
				COPY_PHASE_STRIP = NO;
				DEBUG_INFORMATION_FORMAT = "dwarf-with-dsym";
				ENABLE_NS_ASSERTIONS = NO;
				ENABLE_STRICT_OBJC_MSGSEND = YES;
				ENABLE_USER_SCRIPT_SANDBOXING = YES;
				GCC_C_LANGUAGE_STANDARD = gnu17;
				GCC_NO_COMMON_BLOCKS = YES;
				GCC_WARN_64_TO_32_BIT_CONVERSION = YES;
				GCC_WARN_ABOUT_RETURN_TYPE = YES_ERROR;
				GCC_WARN_UNDECLARED_SELECTOR = YES;
				GCC_WARN_UNINITIALIZED_AUTOS = YES_AGGRESSIVE;
				GCC_WARN_UNUSED_FUNCTION = YES;
				GCC_WARN_UNUSED_VARIABLE = YES;
				LOCALIZATION_PREFERS_STRING_CATALOGS = YES;
				MTL_ENABLE_DEBUG_INFO = NO;
				MTL_FAST_MATH = YES;
				SWIFT_COMPILATION_MODE = wholemodule;
			};
			name = Release;
		};
		75E6CC4B2CBB02BE00C779C9 /* Debug */ = {
			isa = XCBuildConfiguration;
			buildSettings = {
				ASSETCATALOG_COMPILER_APPICON_NAME = AppIcon;
				ASSETCATALOG_COMPILER_GLOBAL_ACCENT_COLOR_NAME = AccentColor;
				CODE_SIGN_ENTITLEMENTS = UxComponents/UxComponents.entitlements;
				CODE_SIGN_STYLE = Automatic;
				CURRENT_PROJECT_VERSION = 1;
				DEVELOPMENT_ASSET_PATHS = "\"UxComponents/Preview Content\"";
				ENABLE_PREVIEWS = YES;
				GENERATE_INFOPLIST_FILE = YES;
				"INFOPLIST_KEY_UIApplicationSceneManifest_Generation[sdk=iphoneos*]" = YES;
				"INFOPLIST_KEY_UIApplicationSceneManifest_Generation[sdk=iphonesimulator*]" = YES;
				"INFOPLIST_KEY_UIApplicationSupportsIndirectInputEvents[sdk=iphoneos*]" = YES;
				"INFOPLIST_KEY_UIApplicationSupportsIndirectInputEvents[sdk=iphonesimulator*]" = YES;
				"INFOPLIST_KEY_UILaunchScreen_Generation[sdk=iphoneos*]" = YES;
				"INFOPLIST_KEY_UILaunchScreen_Generation[sdk=iphonesimulator*]" = YES;
				"INFOPLIST_KEY_UIStatusBarStyle[sdk=iphoneos*]" = UIStatusBarStyleDefault;
				"INFOPLIST_KEY_UIStatusBarStyle[sdk=iphonesimulator*]" = UIStatusBarStyleDefault;
				INFOPLIST_KEY_UISupportedInterfaceOrientations_iPad = "UIInterfaceOrientationPortrait UIInterfaceOrientationPortraitUpsideDown UIInterfaceOrientationLandscapeLeft UIInterfaceOrientationLandscapeRight";
				INFOPLIST_KEY_UISupportedInterfaceOrientations_iPhone = "UIInterfaceOrientationPortrait UIInterfaceOrientationLandscapeLeft UIInterfaceOrientationLandscapeRight";
				IPHONEOS_DEPLOYMENT_TARGET = 18.0;
				LD_RUNPATH_SEARCH_PATHS = "@executable_path/Frameworks";
				"LD_RUNPATH_SEARCH_PATHS[sdk=macosx*]" = "@executable_path/../Frameworks";
				MACOSX_DEPLOYMENT_TARGET = 15.0;
				MARKETING_VERSION = 1.0;
				PRODUCT_BUNDLE_IDENTIFIER = antonbredykhin.UxComponents;
				PRODUCT_NAME = "$(TARGET_NAME)";
				SDKROOT = auto;
				SUPPORTED_PLATFORMS = "iphoneos iphonesimulator macosx xros xrsimulator";
				SWIFT_EMIT_LOC_STRINGS = YES;
				SWIFT_VERSION = 5.0;
				TARGETED_DEVICE_FAMILY = "1,2,7";
				XROS_DEPLOYMENT_TARGET = 2.0;
			};
			name = Debug;
		};
		75E6CC4C2CBB02BE00C779C9 /* Release */ = {
			isa = XCBuildConfiguration;
			buildSettings = {
				ASSETCATALOG_COMPILER_APPICON_NAME = AppIcon;
				ASSETCATALOG_COMPILER_GLOBAL_ACCENT_COLOR_NAME = AccentColor;
				CODE_SIGN_ENTITLEMENTS = UxComponents/UxComponents.entitlements;
				CODE_SIGN_STYLE = Automatic;
				CURRENT_PROJECT_VERSION = 1;
				DEVELOPMENT_ASSET_PATHS = "\"UxComponents/Preview Content\"";
				ENABLE_PREVIEWS = YES;
				GENERATE_INFOPLIST_FILE = YES;
				"INFOPLIST_KEY_UIApplicationSceneManifest_Generation[sdk=iphoneos*]" = YES;
				"INFOPLIST_KEY_UIApplicationSceneManifest_Generation[sdk=iphonesimulator*]" = YES;
				"INFOPLIST_KEY_UIApplicationSupportsIndirectInputEvents[sdk=iphoneos*]" = YES;
				"INFOPLIST_KEY_UIApplicationSupportsIndirectInputEvents[sdk=iphonesimulator*]" = YES;
				"INFOPLIST_KEY_UILaunchScreen_Generation[sdk=iphoneos*]" = YES;
				"INFOPLIST_KEY_UILaunchScreen_Generation[sdk=iphonesimulator*]" = YES;
				"INFOPLIST_KEY_UIStatusBarStyle[sdk=iphoneos*]" = UIStatusBarStyleDefault;
				"INFOPLIST_KEY_UIStatusBarStyle[sdk=iphonesimulator*]" = UIStatusBarStyleDefault;
				INFOPLIST_KEY_UISupportedInterfaceOrientations_iPad = "UIInterfaceOrientationPortrait UIInterfaceOrientationPortraitUpsideDown UIInterfaceOrientationLandscapeLeft UIInterfaceOrientationLandscapeRight";
				INFOPLIST_KEY_UISupportedInterfaceOrientations_iPhone = "UIInterfaceOrientationPortrait UIInterfaceOrientationLandscapeLeft UIInterfaceOrientationLandscapeRight";
				IPHONEOS_DEPLOYMENT_TARGET = 18.0;
				LD_RUNPATH_SEARCH_PATHS = "@executable_path/Frameworks";
				"LD_RUNPATH_SEARCH_PATHS[sdk=macosx*]" = "@executable_path/../Frameworks";
				MACOSX_DEPLOYMENT_TARGET = 15.0;
				MARKETING_VERSION = 1.0;
				PRODUCT_BUNDLE_IDENTIFIER = antonbredykhin.UxComponents;
				PRODUCT_NAME = "$(TARGET_NAME)";
				SDKROOT = auto;
				SUPPORTED_PLATFORMS = "iphoneos iphonesimulator macosx xros xrsimulator";
				SWIFT_EMIT_LOC_STRINGS = YES;
				SWIFT_VERSION = 5.0;
				TARGETED_DEVICE_FAMILY = "1,2,7";
				XROS_DEPLOYMENT_TARGET = 2.0;
			};
			name = Release;
		};
/* End XCBuildConfiguration section */

/* Begin XCConfigurationList section */
		75E6CC362CBB02BD00C779C9 /* Build configuration list for PBXProject "UxComponents" */ = {
			isa = XCConfigurationList;
			buildConfigurations = (
				75E6CC482CBB02BE00C779C9 /* Debug */,
				75E6CC492CBB02BE00C779C9 /* Release */,
			);
			defaultConfigurationIsVisible = 0;
			defaultConfigurationName = Release;
		};
		75E6CC4A2CBB02BE00C779C9 /* Build configuration list for PBXNativeTarget "UxComponents" */ = {
			isa = XCConfigurationList;
			buildConfigurations = (
				75E6CC4B2CBB02BE00C779C9 /* Debug */,
				75E6CC4C2CBB02BE00C779C9 /* Release */,
			);
			defaultConfigurationIsVisible = 0;
			defaultConfigurationName = Release;
		};
/* End XCConfigurationList section */
	};
	rootObject = 75E6CC332CBB02BD00C779C9 /* Project object */;
}
